
Microsoft Visual Studio Solution File, Format Version 12.00
# Visual Studio Version 17
VisualStudioVersion = 17.4.33213.308
MinimumVisualStudioVersion = 10.0.40219.1
Project("{FAE04EC0-301F-11D3-BF4B-00C04F79EFBC}") = "WebAppExpressions", "WebAppExpressions.csproj", "{EB75E8F0-8277-44FC-8B6A-6B80FAC02E00}"
EndProject
Global
	GlobalSection(SolutionConfigurationPlatforms) = preSolution
		Debug|Any CPU = Debug|Any CPU
		Release|Any CPU = Release|Any CPU
	EndGlobalSection
	GlobalSection(ProjectConfigurationPlatforms) = postSolution
		{EB75E8F0-8277-44FC-8B6A-6B80FAC02E00}.Debug|Any CPU.ActiveCfg = Debug|Any CPU
		{EB75E8F0-8277-44FC-8B6A-6B80FAC02E00}.Debug|Any CPU.Build.0 = Debug|Any CPU
		{EB75E8F0-8277-44FC-8B6A-6B80FAC02E00}.Release|Any CPU.ActiveCfg = Release|Any CPU
		{EB75E8F0-8277-44FC-8B6A-6B80FAC02E00}.Release|Any CPU.Build.0 = Release|Any CPU
	EndGlobalSection
	GlobalSection(SolutionProperties) = preSolution
		HideSolutionNode = FALSE
	EndGlobalSection
	GlobalSection(ExtensibilityGlobals) = postSolution
		SolutionGuid = {5B847BC6-6974-4592-823D-E45FF14A8261}
	EndGlobalSection
EndGlobal
