
Microsoft Visual Studio Solution File, Format Version 12.00
# Visual Studio Version 17
VisualStudioVersion = 17.4.33205.214
MinimumVisualStudioVersion = 10.0.40219.1
Project("{FAE04EC0-301F-11D3-BF4B-00C04F79EFBC}") = "ExpressionTreesPlayground", "ExpressionTreesPlayground.csproj", "{F67B23BC-BE95-4656-8555-EB1B32CA77DC}"
EndProject
Global
	GlobalSection(SolutionConfigurationPlatforms) = preSolution
		Debug|Any CPU = Debug|Any CPU
		Release|Any CPU = Release|Any CPU
	EndGlobalSection
	GlobalSection(ProjectConfigurationPlatforms) = postSolution
		{F67B23BC-BE95-4656-8555-EB1B32CA77DC}.Debug|Any CPU.ActiveCfg = Debug|Any CPU
		{F67B23BC-BE95-4656-8555-EB1B32CA77DC}.Debug|Any CPU.Build.0 = Debug|Any CPU
		{F67B23BC-BE95-4656-8555-EB1B32CA77DC}.Release|Any CPU.ActiveCfg = Release|Any CPU
		{F67B23BC-BE95-4656-8555-EB1B32CA77DC}.Release|Any CPU.Build.0 = Release|Any CPU
	EndGlobalSection
	GlobalSection(SolutionProperties) = preSolution
		HideSolutionNode = FALSE
	EndGlobalSection
	GlobalSection(ExtensibilityGlobals) = postSolution
		SolutionGuid = {6FAA0200-41DB-4A70-97AE-D189FAF77F0E}
	EndGlobalSection
EndGlobal
